lockfileVersion: 5.3

specifiers:
  fs-extra: ^10.0.0
  kolorist: ^1.5.0
  minimist: ^1.2.5
  prompts: ^2.4.1

dependencies:
  fs-extra: registry.npmmirror.com/fs-extra/10.0.0
  kolorist: registry.nlark.com/kolorist/1.5.0
  minimist: registry.nlark.com/minimist/1.2.5
  prompts: registry.npmmirror.com/prompts/2.4.2

packages:

  registry.nlark.com/graceful-fs/4.2.8:
    resolution: {integrity: sha1-5BK40z9eAGWTy9PO5t+fLOu+gCo=, registry: http://registry.npm.taobao.org/, tarball: https://registry.nlark.com/graceful-fs/download/graceful-fs-4.2.8.tgz}
    name: graceful-fs
    version: 4.2.8
    dev: false

  registry.nlark.com/jsonfile/6.1.0:
    resolution: {integrity: sha1-vFWyY0eTxnnsZAMJTrE2mKbsCq4=, registry: http://registry.npm.taobao.org/, tarball: https://registry.nlark.com/jsonfile/download/jsonfile-6.1.0.tgz}
    name: jsonfile
    version: 6.1.0
    dependencies:
      universalify: registry.nlark.com/universalify/2.0.0
    optionalDependencies:
      graceful-fs: registry.nlark.com/graceful-fs/4.2.8
    dev: false

  registry.nlark.com/kleur/3.0.3:
    resolution: {integrity: sha1-p5yezIbuHOP6YgbRIWxQHxR/wH4=, registry: http://registry.npm.taobao.org/, tarball: https://registry.nlark.com/kleur/download/kleur-3.0.3.tgz}
    name: kleur
    version: 3.0.3
    engines: {node: '>=6'}
    dev: false

  registry.nlark.com/kolorist/1.5.0:
    resolution: {integrity: sha1-oG990R0bX9t0PXnIrNTh7Ly9ibM=, registry: http://registry.npm.taobao.org/, tarball: https://registry.nlark.com/kolorist/download/kolorist-1.5.0.tgz}
    name: kolorist
    version: 1.5.0
    dev: false

  registry.nlark.com/minimist/1.2.5:
    resolution: {integrity: sha1-Z9ZgFLZqaoqqDAg8X9WN9OTpdgI=, registry: http://registry.npm.taobao.org/, tarball: https://registry.nlark.com/minimist/download/minimist-1.2.5.tgz}
    name: minimist
    version: 1.2.5
    dev: false

  registry.nlark.com/universalify/2.0.0:
    resolution: {integrity: sha1-daSYTv7cSwiXXFrrc/Uw0C3yVxc=, registry: http://registry.npm.taobao.org/, tarball: https://registry.nlark.com/universalify/download/universalify-2.0.0.tgz}
    name: universalify
    version: 2.0.0
    engines: {node: '>= 10.0.0'}
    dev: false

  registry.npmmirror.com/fs-extra/10.0.0:
    resolution: {integrity: sha1-n/YbZV3eU/s0qC34S7IUzoAuF8E=, registry: http://registry.npm.taobao.org/, tarball: https://registry.npmmirror.com/fs-extra/download/fs-extra-10.0.0.tgz?cache=0&sync_timestamp=1632539314386&other_urls=https%3A%2F%2Fregistry.npmmirror.com%2Ffs-extra%2Fdownload%2Ffs-extra-10.0.0.tgz}
    name: fs-extra
    version: 10.0.0
    engines: {node: '>=12'}
    dependencies:
      graceful-fs: registry.nlark.com/graceful-fs/4.2.8
      jsonfile: registry.nlark.com/jsonfile/6.1.0
      universalify: registry.nlark.com/universalify/2.0.0
    dev: false

  registry.npmmirror.com/prompts/2.4.2:
    resolution: {integrity: sha1-e1fnOzpIAprRDr1E90sBcipMsGk=, registry: http://registry.npm.taobao.org/, tarball: https://registry.npmmirror.com/prompts/download/prompts-2.4.2.tgz}
    name: prompts
    version: 2.4.2
    engines: {node: '>= 6'}
    dependencies:
      kleur: registry.nlark.com/kleur/3.0.3
      sisteransi: registry.npmmirror.com/sisteransi/1.0.5
    dev: false

  registry.npmmirror.com/sisteransi/1.0.5:
    resolution: {integrity: sha1-E01oEpd1ZDfMBcoBNw06elcQde0=, registry: http://registry.npm.taobao.org/, tarball: https://registry.npmmirror.com/sisteransi/download/sisteransi-1.0.5.tgz}
    name: sisteransi
    version: 1.0.5
    dev: false
